
Microsoft Visual Studio Solution File, Format Version 12.00
Project("{FAE04EC0-301F-11D3-BF4B-00C04F79EFBC}") = "SFA.DAS.Courses.Api", "SFA.DAS.Courses.Api\SFA.DAS.Courses.Api.csproj", "{D72861B5-3424-4477-A635-844420889603}"
EndProject
Global
	GlobalSection(SolutionConfigurationPlatforms) = preSolution
		Debug|Any CPU = Debug|Any CPU
		Release|Any CPU = Release|Any CPU
	EndGlobalSection
	GlobalSection(ProjectConfigurationPlatforms) = postSolution
		{D72861B5-3424-4477-A635-844420889603}.Debug|Any CPU.ActiveCfg = Debug|Any CPU
		{D72861B5-3424-4477-A635-844420889603}.Debug|Any CPU.Build.0 = Debug|Any CPU
		{D72861B5-3424-4477-A635-844420889603}.Release|Any CPU.ActiveCfg = Release|Any CPU
		{D72861B5-3424-4477-A635-844420889603}.Release|Any CPU.Build.0 = Release|Any CPU
	EndGlobalSection
EndGlobal
